{
  "lockVersion": 1,
  "release": "1.2.0",
  "submodules": {
    "external/llama.cpp": "2969d6d15d67a08e7b83f26164b15350c79c5248",
    "external/llama-swap": "dd81801d7bfa1a9100ac7af0e579731650b357e6",
    "external/whisper.cpp": "0ae02cdb2c7317b50991367c165736ce42ed96ac",
    "external/fabric": "82e14bb8f31801a17b851cdd1bbb39a0e1c27126"
  },
  "toolchain": {
    "python": "3.12",
    "cmake": "3.24",
    "cuda": "12.0"
  },
  "requirements": {
    "venv-litellm": "tools/litellm-requirements.lock"
  },
  "tools": {
    "n8n": "2.29.10",
    "ddgs": "ddgs>=9.0.0"
  },
  "models": {
    "hermes-3-8b-q4_k_m.gguf": {
      "repo": "NousResearch/Hermes-3-Llama-3.1-8B-GGUF",
      "path": "Hermes-3-Llama-3.1-8B.Q4_K_M.gguf",
      "revision": "main",
      "sha256": null,
      "sizeGB": 5.0
    },
    "qwen3-8b-q4_k_m.gguf": {
      "repo": "Qwen/Qwen3-8B-GGUF",
      "path": "Qwen3-8B-Q4_K_M.gguf",
      "revision": "main",
      "sha256": null,
      "sizeGB": 5.0
    },
    "qwen3-coder-30b-a3b-q4_k_m.gguf": {
      "repo": "unsloth/Qwen3-Coder-30B-A3B-Instruct-GGUF",
      "path": "Qwen3-Coder-30B-A3B-Instruct-Q4_K_M.gguf",
      "revision": "main",
      "sha256": null,
      "sizeGB": 18.6
    },
    "bge-m3-q8_0.gguf": {
      "repo": "gpustack/bge-m3-GGUF",
      "path": "bge-m3-Q8_0.gguf",
      "revision": "main",
      "sha256": "950f4a8e5e19477a6d3c26d2f162233c20002c601f75e4b002e3239997821167",
      "sizeGB": 0.6
    },
    "qwen-coder-1.5b-q8_0.gguf": {
      "repo": "Qwen/Qwen2.5-Coder-1.5B-Instruct-GGUF",
      "path": "qwen2.5-coder-1.5b-instruct-q8_0.gguf",
      "revision": "main",
      "sha256": null,
      "sizeGB": 1.9
    },
    "qwen3-14b-q4_k_m.gguf": {
      "repo": "Qwen/Qwen3-14B-GGUF",
      "path": "Qwen3-14B-Q4_K_M.gguf",
      "revision": "main",
      "sha256": "500a8806e85ee9c83f3ae08420295592451379b4f8cf2d0f41c15dffeb6b81f0",
      "sizeGB": 8.4
    },
    "bge-reranker-v2-m3-q8_0.gguf": {
      "repo": "gpustack/bge-reranker-v2-m3-GGUF",
      "path": "bge-reranker-v2-m3-Q8_0.gguf",
      "revision": "main",
      "sha256": "a43c7c9b11a4c1517e5bf95151960e1621d1b72f7a493364b01e386cf1aaa1d3",
      "sizeGB": 0.6
    },
    "hermes-3-8b-q5_k_m.gguf": {
      "repo": "NousResearch/Hermes-3-Llama-3.1-8B-GGUF",
      "path": "Hermes-3-Llama-3.1-8B.Q5_K_M.gguf",
      "revision": "main",
      "sha256": "b2fb813afad50963f29a9e69cd844a02add63d6a29f965fef4e084fdd10075d3",
      "sizeGB": 6.0
    },
    "qwen-coder-3b-q8_0.gguf": {
      "repo": "Qwen/Qwen2.5-Coder-3B-Instruct-GGUF",
      "path": "qwen2.5-coder-3b-instruct-q8_0.gguf",
      "revision": "main",
      "sha256": "f648c25dfd5a0870c4ad76724a745124ab5667ff97b664534fcbe46089b75ab8",
      "sizeGB": 3.4
    },
    "qwen3-30b-a3b-q4.gguf": {
      "repo": "Qwen/Qwen3-30B-A3B-GGUF",
      "path": "Qwen3-30B-A3B-Q4_K_M.gguf",
      "revision": "main",
      "sha256": "0d003f6662faee786ed5da3e31b29c978de5ae5d275c8794c606a7f3c01aa8f5",
      "sizeGB": 17.3
    },
    "qwen2-vl-7b-q4_k_m.gguf": {
      "repo": "bartowski/Qwen2-VL-7B-Instruct-GGUF",
      "path": "Qwen2-VL-7B-Instruct-Q4_K_M.gguf",
      "revision": "main",
      "sha256": "30f199c2192fce1db0fbbbd484c7b2aa69ccce883890853f9807e1c837405a80",
      "sizeGB": 5.2,
      "mmproj": "mmproj-Qwen2-VL-7B-Instruct-f16.gguf"
    },
    "hermes-3-8b-q6_k.gguf": {
      "repo": "NousResearch/Hermes-3-Llama-3.1-8B-GGUF",
      "path": "Hermes-3-Llama-3.1-8B.Q6_K.gguf",
      "revision": "main",
      "sha256": null,
      "sizeGB": 7.0
    },
    "qwen3-14b-q6_k.gguf": {
      "repo": "bartowski/Qwen3-14B-GGUF",
      "path": "Qwen3-14B-Q6_K.gguf",
      "revision": "main",
      "sha256": null,
      "sizeGB": 10.7
    },
    "qwen3-30b-a3b-q5_k_m.gguf": {
      "repo": "bartowski/Qwen3-30B-A3B-GGUF",
      "path": "Qwen3-30B-A3B-Q5_K_M.gguf",
      "revision": "main",
      "sha256": null,
      "sizeGB": 21.3
    },
    "qwen2-vl-7b-q5_k_m.gguf": {
      "repo": "bartowski/Qwen2-VL-7B-Instruct-GGUF",
      "path": "Qwen2-VL-7B-Instruct-Q5_K_M.gguf",
      "revision": "main",
      "sha256": null,
      "sizeGB": 6.3,
      "mmproj": "mmproj-Qwen2-VL-7B-Instruct-f16.gguf"
    },
    "hermes-3-8b-q8_0.gguf": {
      "repo": "NousResearch/Hermes-3-Llama-3.1-8B-GGUF",
      "path": "Hermes-3-Llama-3.1-8B.Q8_0.gguf",
      "revision": "main",
      "sha256": null,
      "sizeGB": 8.5
    },
    "qwen3-14b-q8_0.gguf": {
      "repo": "bartowski/Qwen3-14B-GGUF",
      "path": "Qwen3-14B-Q8_0.gguf",
      "revision": "main",
      "sha256": null,
      "sizeGB": 15.0
    },
    "qwen3-coder-30b-a3b-q6_k.gguf": {
      "repo": "unsloth/Qwen3-Coder-30B-A3B-Instruct-GGUF",
      "path": "Qwen3-Coder-30B-A3B-Instruct-Q6_K.gguf",
      "revision": "main",
      "sha256": null,
      "sizeGB": 25.1
    },
    "qwen3-30b-a3b-q6_k.gguf": {
      "repo": "bartowski/Qwen3-30B-A3B-GGUF",
      "path": "Qwen3-30B-A3B-Q6_K.gguf",
      "revision": "main",
      "sha256": null,
      "sizeGB": 24.2
    },
    "qwen2-vl-7b-q6_k.gguf": {
      "repo": "bartowski/Qwen2-VL-7B-Instruct-GGUF",
      "path": "Qwen2-VL-7B-Instruct-Q6_K.gguf",
      "revision": "main",
      "sha256": null,
      "sizeGB": 7.3,
      "mmproj": "mmproj-Qwen2-VL-7B-Instruct-f16.gguf"
    },
    "qwen3-4b-q4_k_m.gguf": {
      "repo": "Qwen/Qwen3-4B-GGUF",
      "path": "Qwen3-4B-Q4_K_M.gguf",
      "revision": "main",
      "sha256": null,
      "sizeGB": 2.6
    },
    "qwen-coder-7b-q4_k_m.gguf": {
      "repo": "bartowski/Qwen2.5-Coder-7B-Instruct-GGUF",
      "path": "Qwen2.5-Coder-7B-Instruct-Q4_K_M.gguf",
      "revision": "main",
      "sha256": null,
      "sizeGB": 4.7
    },
    "qwen2.5-0.5b-instruct-q8_0.gguf": {
      "repo": "unsloth/Qwen2.5-0.5B-Instruct-GGUF",
      "path": "Qwen2.5-0.5B-Instruct-Q8_0.gguf",
      "revision": "main",
      "sha256": null,
      "sizeGB": 0.5
    }
  },
  "engines": {}
}
