{
  "lockVersion": 1,
  "release": "1.2.3",
  "submodules": {
    "external/llama.cpp": "9dcf84e5ae2718947188b539aab8b9c2b15d3ba1",
    "external/llama-swap": "7761aa13360ea379cb89366d07c2d08aa9f1ed10",
    "external/whisper.cpp": "371b5a7561823ab2bb32142d2751e35e7534727b",
    "external/fabric": "b682dad740f24e85ce9a48d23babc6780dd476ac"
  },
  "toolchain": {
    "python": "3.12",
    "cmake": "3.24",
    "cuda": "12.0"
  },
  "requirements": {
    "venv-litellm": "tools/litellm-requirements.lock"
  },
  "tools": {
    "n8n": "2.29.10",
    "ddgs": "ddgs>=9.0.0"
  },
  "models": {
    "qwen3.5-9b-q4_k_m.gguf": {
      "repo": "unsloth/Qwen3.5-9B-GGUF",
      "path": "Qwen3.5-9B-Q4_K_M.gguf",
      "revision": "main",
      "sha256": "03b74727a860a56338e042c4420bb3f04b2fec5734175f4cb9fa853daf52b7e8",
      "sizeGB": 5.68
    },
    "qwen3-coder-30b-a3b-q4_k_m.gguf": {
      "repo": "unsloth/Qwen3-Coder-30B-A3B-Instruct-GGUF",
      "path": "Qwen3-Coder-30B-A3B-Instruct-Q4_K_M.gguf",
      "revision": "main",
      "sha256": "fadc3e5f8d42bf7e894a785b05082e47daee4df26680389817e2093056f088ad",
      "sizeGB": 18.6
    },
    "qwen3-embedding-0.6b-q8_0.gguf": {
      "repo": "Qwen/Qwen3-Embedding-0.6B-GGUF",
      "path": "Qwen3-Embedding-0.6B-Q8_0.gguf",
      "revision": "main",
      "sha256": "06507c7b42688469c4e7298b0a1e16deff06caf291cf0a5b278c308249c3e439",
      "sizeGB": 0.64
    },
    "qwen-coder-1.5b-q8_0.gguf": {
      "repo": "Qwen/Qwen2.5-Coder-1.5B-Instruct-GGUF",
      "path": "qwen2.5-coder-1.5b-instruct-q8_0.gguf",
      "revision": "main",
      "sha256": null,
      "sizeGB": 1.9
    },
    "qwen3.6-35b-a3b-q3_k_xl.gguf": {
      "repo": "unsloth/Qwen3.6-35B-A3B-GGUF",
      "path": "Qwen3.6-35B-A3B-UD-Q3_K_XL.gguf",
      "revision": "main",
      "sha256": null,
      "sizeGB": 16.85
    },
    "qwen3-reranker-0.6b-q8_0.gguf": {
      "repo": "ggml-org/Qwen3-Reranker-0.6B-Q8_0-GGUF",
      "path": "qwen3-reranker-0.6b-q8_0.gguf",
      "revision": "main",
      "sha256": "22c9979ce4fbcdc5acdc310c6641c32797eff1aa980b8f7a2db8a8ea23429a48",
      "sizeGB": 0.64
    },
    "deepseek-r1-distill-qwen-32b-q4_k_m.gguf": {
      "repo": "unsloth/DeepSeek-R1-Distill-Qwen-32B-GGUF",
      "path": "DeepSeek-R1-Distill-Qwen-32B-Q4_K_M.gguf",
      "revision": "main",
      "sha256": null,
      "sizeGB": 19.85
    },
    "qwen3.5-9b-q5_k_m.gguf": {
      "repo": "unsloth/Qwen3.5-9B-GGUF",
      "path": "Qwen3.5-9B-Q5_K_M.gguf",
      "revision": "main",
      "sha256": "dc2a39aef291f91a9116ad214058da0d86eb648743a124bd8c333787c4b9c91c",
      "sizeGB": 6.58
    },
    "qwen-coder-3b-q8_0.gguf": {
      "repo": "Qwen/Qwen2.5-Coder-3B-Instruct-GGUF",
      "path": "qwen2.5-coder-3b-instruct-q8_0.gguf",
      "revision": "main",
      "sha256": "f648c25dfd5a0870c4ad76724a745124ab5667ff97b664534fcbe46089b75ab8",
      "sizeGB": 3.4
    },
    "qwen3.6-35b-a3b-q4_k_m.gguf": {
      "repo": "unsloth/Qwen3.6-35B-A3B-GGUF",
      "path": "Qwen3.6-35B-A3B-UD-Q4_K_M.gguf",
      "revision": "main",
      "sha256": "ac0e2c1189e055faa36eff361580e79c5bd6f8e76bffb4ce547f167d53e31a61",
      "sizeGB": 22.13
    },
    "qwen3-vl-8b-q4_k_m.gguf": {
      "repo": "Qwen/Qwen3-VL-8B-Instruct-GGUF",
      "path": "Qwen3VL-8B-Instruct-Q4_K_M.gguf",
      "revision": "main",
      "sha256": "67d1659bfe71b89d50b45a4ad1a9e5b997e5bb16ce5da66a6a6167abd569e9e2",
      "sizeGB": 5.03,
      "mmproj": "mmproj-Qwen3VL-8B-Instruct-F16.gguf"
    },
    "deepseek-r1-distill-qwen-32b-q5_k_m.gguf": {
      "repo": "unsloth/DeepSeek-R1-Distill-Qwen-32B-GGUF",
      "path": "DeepSeek-R1-Distill-Qwen-32B-Q5_K_M.gguf",
      "revision": "main",
      "sha256": "7bccf89aff91ed6ab4f870d9523b477d1a51c033fc7ec1c9e5a99fb8b95b39f5",
      "sizeGB": 23.26
    },
    "qwen3.5-9b-q6_k.gguf": {
      "repo": "unsloth/Qwen3.5-9B-GGUF",
      "path": "Qwen3.5-9B-Q6_K.gguf",
      "revision": "main",
      "sha256": null,
      "sizeGB": 7.46
    },
    "qwen3-vl-8b-q8_0.gguf": {
      "repo": "Qwen/Qwen3-VL-8B-Instruct-GGUF",
      "path": "Qwen3VL-8B-Instruct-Q8_0.gguf",
      "revision": "main",
      "sha256": null,
      "sizeGB": 8.71,
      "mmproj": "mmproj-Qwen3VL-8B-Instruct-F16.gguf"
    },
    "qwen3.5-9b-q8_0.gguf": {
      "repo": "unsloth/Qwen3.5-9B-GGUF",
      "path": "Qwen3.5-9B-Q8_0.gguf",
      "revision": "main",
      "sha256": null,
      "sizeGB": 9.53
    },
    "qwen3-coder-30b-a3b-q6_k.gguf": {
      "repo": "unsloth/Qwen3-Coder-30B-A3B-Instruct-GGUF",
      "path": "Qwen3-Coder-30B-A3B-Instruct-Q6_K.gguf",
      "revision": "main",
      "sha256": null,
      "sizeGB": 25.1
    },
    "qwen3.6-35b-a3b-q5_k_m.gguf": {
      "repo": "unsloth/Qwen3.6-35B-A3B-GGUF",
      "path": "Qwen3.6-35B-A3B-UD-Q5_K_M.gguf",
      "revision": "main",
      "sha256": null,
      "sizeGB": 26.46
    },
    "deepseek-r1-distill-qwen-32b-q6_k.gguf": {
      "repo": "unsloth/DeepSeek-R1-Distill-Qwen-32B-GGUF",
      "path": "DeepSeek-R1-Distill-Qwen-32B-Q6_K.gguf",
      "revision": "main",
      "sha256": null,
      "sizeGB": 26.89
    },
    "qwen3.5-4b-q5_k_m.gguf": {
      "repo": "unsloth/Qwen3.5-4B-GGUF",
      "path": "Qwen3.5-4B-Q5_K_M.gguf",
      "revision": "main",
      "sha256": null,
      "sizeGB": 3.14
    },
    "qwen3.5-4b-q4_k_m.gguf": {
      "repo": "unsloth/Qwen3.5-4B-GGUF",
      "path": "Qwen3.5-4B-Q4_K_M.gguf",
      "revision": "main",
      "sha256": null,
      "sizeGB": 2.74
    },
    "qwen-coder-7b-q4_k_m.gguf": {
      "repo": "bartowski/Qwen2.5-Coder-7B-Instruct-GGUF",
      "path": "Qwen2.5-Coder-7B-Instruct-Q4_K_M.gguf",
      "revision": "main",
      "sha256": null,
      "sizeGB": 4.7
    },
    "qwen3.5-0.8b-q8_0.gguf": {
      "repo": "unsloth/Qwen3.5-0.8B-GGUF",
      "path": "Qwen3.5-0.8B-Q8_0.gguf",
      "revision": "main",
      "sha256": null,
      "sizeGB": 0.81
    }
  }
}
