{
  "lockVersion": 1,
  "release": "2.0.1",
  "submodules": {
    "external/llama.cpp": "9dcf84e5ae2718947188b539aab8b9c2b15d3ba1",
    "external/llama-swap": "7761aa13360ea379cb89366d07c2d08aa9f1ed10",
    "external/fabric": "b682dad740f24e85ce9a48d23babc6780dd476ac"
  },
  "binaries": {
    "llama-swap": {
      "version": "v255",
      "submodule": "external/llama-swap",
      "builtFromCommit": "7761aa13360ea379cb89366d07c2d08aa9f1ed10",
      "assets": {
        "linux-x86_64": {
          "url": "https://github.com/mostlygeek/llama-swap/releases/download/v255/llama-swap_255_linux_amd64.tar.gz",
          "sha256": "84aa0df0cf3e302a8591e39de347f64c0c7dce1c3a948df68723a82e1fb4f1d4"
        },
        "linux-arm64": {
          "url": "https://github.com/mostlygeek/llama-swap/releases/download/v255/llama-swap_255_linux_arm64.tar.gz",
          "sha256": "98686bc626e2d3df3b340b963fd4e4f4d3dd02dcd1bf31f0c777fb09e3053288"
        },
        "macos-x86_64": {
          "url": "https://github.com/mostlygeek/llama-swap/releases/download/v255/llama-swap_255_darwin_amd64.tar.gz",
          "sha256": "98383f95298919cd6a73fcb11dadc78d53754bfe5d3de519fdead112f336f707"
        },
        "macos-arm64": {
          "url": "https://github.com/mostlygeek/llama-swap/releases/download/v255/llama-swap_255_darwin_arm64.tar.gz",
          "sha256": "d11b4c733da1c64ffd1b955f64b6af92a8c66a443aeeafeef2e84d3bf1fbf531"
        },
        "windows-x86_64": {
          "url": "https://github.com/mostlygeek/llama-swap/releases/download/v255/llama-swap_255_windows_amd64.zip",
          "sha256": "14b40b2e11479af9a83dec3ac2bf7f82864e62099f012b171591b871b9f88aae"
        }
      }
    }
  },
  "models": {
    "qwen3.5-9b-q4_k_m.gguf": {
      "repo": "unsloth/Qwen3.5-9B-GGUF",
      "path": "Qwen3.5-9B-Q4_K_M.gguf",
      "revision": "main",
      "sha256": "03b74727a860a56338e042c4420bb3f04b2fec5734175f4cb9fa853daf52b7e8",
      "sizeGB": 5.68
    },
    "qwen3-coder-30b-a3b-q4_k_m.gguf": {
      "repo": "unsloth/Qwen3-Coder-30B-A3B-Instruct-GGUF",
      "path": "Qwen3-Coder-30B-A3B-Instruct-Q4_K_M.gguf",
      "revision": "main",
      "sha256": "fadc3e5f8d42bf7e894a785b05082e47daee4df26680389817e2093056f088ad",
      "sizeGB": 18.6
    },
    "qwen3-embedding-0.6b-q8_0.gguf": {
      "repo": "Qwen/Qwen3-Embedding-0.6B-GGUF",
      "path": "Qwen3-Embedding-0.6B-Q8_0.gguf",
      "revision": "main",
      "sha256": "06507c7b42688469c4e7298b0a1e16deff06caf291cf0a5b278c308249c3e439",
      "sizeGB": 0.64
    },
    "qwen-coder-1.5b-q8_0.gguf": {
      "repo": "Qwen/Qwen2.5-Coder-1.5B-Instruct-GGUF",
      "path": "qwen2.5-coder-1.5b-instruct-q8_0.gguf",
      "revision": "main",
      "sha256": "507de59046601282ba768a9789900e6ccf60ed93ddf346730b7c68eb0715bc47",
      "sizeGB": 1.9
    },
    "qwen3.6-35b-a3b-q3_k_xl.gguf": {
      "repo": "unsloth/Qwen3.6-35B-A3B-GGUF",
      "path": "Qwen3.6-35B-A3B-UD-Q3_K_XL.gguf",
      "revision": "main",
      "sha256": null,
      "sizeGB": 16.85
    },
    "qwen3-reranker-0.6b-q8_0.gguf": {
      "repo": "ggml-org/Qwen3-Reranker-0.6B-Q8_0-GGUF",
      "path": "qwen3-reranker-0.6b-q8_0.gguf",
      "revision": "main",
      "sha256": "22c9979ce4fbcdc5acdc310c6641c32797eff1aa980b8f7a2db8a8ea23429a48",
      "sizeGB": 0.64
    },
    "qwen3.8-27b-gsq-rco-iq3_xxs.gguf": {
      "repo": "ISTA-DASLab/Qwen3.8-27B-GSQ-RCO-GGUF",
      "path": "Qwen3.8-27B-GSQ-RCO-IQ3_XXS.gguf",
      "revision": "main",
      "sha256": "fdfcb6a29b11188956dfbfd904223588a6c1b77eb250c3e8a36e1bd269df91f7",
      "sizeGB": 10.09
    },
    "qwen-coder-1.5b-q4_k_m.gguf": {
      "repo": "Qwen/Qwen2.5-Coder-1.5B-Instruct-GGUF",
      "path": "qwen2.5-coder-1.5b-instruct-q4_k_m.gguf",
      "revision": "main",
      "sha256": "cc324af070c2ecbfd324a30884d2f951a7ff756aba85cb811a6ec436933bb046",
      "sizeGB": 1.12
    },
    "qwen3-vl-8b-q4_k_m.gguf": {
      "repo": "Qwen/Qwen3-VL-8B-Instruct-GGUF",
      "path": "Qwen3VL-8B-Instruct-Q4_K_M.gguf",
      "revision": "main",
      "sha256": "67d1659bfe71b89d50b45a4ad1a9e5b997e5bb16ce5da66a6a6167abd569e9e2",
      "sizeGB": 5.03,
      "mmproj": "mmproj-Qwen3VL-8B-Instruct-F16.gguf"
    },
    "qwen3.8-27b-gsq-rco-iq3_s-mtp.gguf": {
      "repo": "ISTA-DASLab/Qwen3.8-27B-GSQ-RCO-GGUF",
      "path": "Qwen3.8-27B-GSQ-RCO-IQ3_S-mtp.gguf",
      "revision": "main",
      "sha256": null,
      "sizeGB": 12.12,
      "mmproj": "mmproj-Qwen3.8-27B-BF16.gguf"
    },
    "qwen-coder-3b-q8_0.gguf": {
      "repo": "bartowski/Qwen2.5-Coder-3B-Instruct-GGUF",
      "path": "Qwen2.5-Coder-3B-Instruct-Q8_0.gguf",
      "revision": "main",
      "sha256": "f648c25dfd5a0870c4ad76724a745124ab5667ff97b664534fcbe46089b75ab8",
      "sizeGB": 3.4
    },
    "qwen3.5-4b-q5_k_m.gguf": {
      "repo": "unsloth/Qwen3.5-4B-GGUF",
      "path": "Qwen3.5-4B-Q5_K_M.gguf",
      "revision": "main",
      "sha256": null,
      "sizeGB": 3.14
    },
    "qwen3.5-4b-q4_k_m.gguf": {
      "repo": "unsloth/Qwen3.5-4B-GGUF",
      "path": "Qwen3.5-4B-Q4_K_M.gguf",
      "revision": "main",
      "sha256": null,
      "sizeGB": 2.74
    },
    "qwen-coder-7b-q4_k_m.gguf": {
      "repo": "bartowski/Qwen2.5-Coder-7B-Instruct-GGUF",
      "path": "Qwen2.5-Coder-7B-Instruct-Q4_K_M.gguf",
      "revision": "main",
      "sha256": null,
      "sizeGB": 4.7
    },
    "qwen3.5-0.8b-q8_0.gguf": {
      "repo": "unsloth/Qwen3.5-0.8B-GGUF",
      "path": "Qwen3.5-0.8B-Q8_0.gguf",
      "revision": "main",
      "sha256": null,
      "sizeGB": 0.81
    }
  }
}
